
Microsoft Visual Studio Solution File, Format Version 12.00
# Visual Studio Version 17
VisualStudioVersion = 17.6.33829.357
MinimumVisualStudioVersion = 10.0.40219.1
Project("{FAE04EC0-301F-11D3-BF4B-00C04F79EFBC}") = "Da7ee7_Academy", "Da7ee7_Academy\Da7ee7_Academy.csproj", "{7AC2E55E-B049-48A7-9B5F-BD6C8DEAAD9D}"
EndProject
Global
	GlobalSection(SolutionConfigurationPlatforms) = preSolution
		Debug|Any CPU = Debug|Any CPU
		Release|Any CPU = Release|Any CPU
	EndGlobalSection
	GlobalSection(ProjectConfigurationPlatforms) = postSolution
		{7AC2E55E-B049-48A7-9B5F-BD6C8DEAAD9D}.Debug|Any CPU.ActiveCfg = Debug|Any CPU
		{7AC2E55E-B049-48A7-9B5F-BD6C8DEAAD9D}.Debug|Any CPU.Build.0 = Debug|Any CPU
		{7AC2E55E-B049-48A7-9B5F-BD6C8DEAAD9D}.Release|Any CPU.ActiveCfg = Release|Any CPU
		{7AC2E55E-B049-48A7-9B5F-BD6C8DEAAD9D}.Release|Any CPU.Build.0 = Release|Any CPU
	EndGlobalSection
	GlobalSection(SolutionProperties) = preSolution
		HideSolutionNode = FALSE
	EndGlobalSection
	GlobalSection(ExtensibilityGlobals) = postSolution
		SolutionGuid = {88D43024-3A08-4BBF-8B55-B381301BFBAC}
	EndGlobalSection
EndGlobal
